
Microsoft Visual Studio Solution File, Format Version 12.00
# Visual Studio Version 17
VisualStudioVersion = 17.5.33516.290
MinimumVisualStudioVersion = 10.0.40219.1
Project("{FAE04EC0-301F-11D3-BF4B-00C04F79EFBC}") = "CadastroContatoMVC", "CadastroContatoMVC\CadastroContatoMVC.csproj", "{D14756B4-D642-43DF-B84D-8F58A8FA113E}"
EndProject
Global
	GlobalSection(SolutionConfigurationPlatforms) = preSolution
		Debug|Any CPU = Debug|Any CPU
		Release|Any CPU = Release|Any CPU
	EndGlobalSection
	GlobalSection(ProjectConfigurationPlatforms) = postSolution
		{D14756B4-D642-43DF-B84D-8F58A8FA113E}.Debug|Any CPU.ActiveCfg = Debug|Any CPU
		{D14756B4-D642-43DF-B84D-8F58A8FA113E}.Debug|Any CPU.Build.0 = Debug|Any CPU
		{D14756B4-D642-43DF-B84D-8F58A8FA113E}.Release|Any CPU.ActiveCfg = Release|Any CPU
		{D14756B4-D642-43DF-B84D-8F58A8FA113E}.Release|Any CPU.Build.0 = Release|Any CPU
	EndGlobalSection
	GlobalSection(SolutionProperties) = preSolution
		HideSolutionNode = FALSE
	EndGlobalSection
	GlobalSection(ExtensibilityGlobals) = postSolution
		SolutionGuid = {10181063-8704-4BE1-BA23-19F6A846B6C0}
	EndGlobalSection
EndGlobal
